
Microsoft Visual Studio Solution File, Format Version 12.00
# Visual Studio Version 17
VisualStudioVersion = 17.12.35527.113
MinimumVisualStudioVersion = 10.0.40219.1
Project("{9A19103F-16F7-4668-BE54-9A1E7A4F7556}") = "OSPSuite.Serializer", "src\OSPSuite.Serializer\OSPSuite.Serializer.csproj", "{B2D4894C-47CE-44EE-A800-CE1CE7E0FE27}"
EndProject
Project("{9A19103F-16F7-4668-BE54-9A1E7A4F7556}") = "OSPSuite.Serializer.Tests", "tests\OSPSuite.Serializer.Tests\OSPSuite.Serializer.Tests.csproj", "{8AF69A53-E6C5-48AA-B162-2FFFD6DDA5B9}"
EndProject
Project("{2150E333-8FDC-42A3-9474-1A3956D46DE8}") = "Solution Items", "Solution Items", "{2FF430FB-3117-4D47-8405-DEEAA2D25110}"
	ProjectSection(SolutionItems) = preProject
		.github\workflows\build-and-publish.yml = .github\workflows\build-and-publish.yml
		.github\workflows\build-pr.yml = .github\workflows\build-pr.yml
		SolutionInfo.cs = SolutionInfo.cs
	EndProjectSection
EndProject
Global
	GlobalSection(SolutionConfigurationPlatforms) = preSolution
		Debug|Any CPU = Debug|Any CPU
		Release|Any CPU = Release|Any CPU
	EndGlobalSection
	GlobalSection(ProjectConfigurationPlatforms) = postSolution
		{B2D4894C-47CE-44EE-A800-CE1CE7E0FE27}.Debug|Any CPU.ActiveCfg = Debug|Any CPU
		{B2D4894C-47CE-44EE-A800-CE1CE7E0FE27}.Debug|Any CPU.Build.0 = Debug|Any CPU
		{B2D4894C-47CE-44EE-A800-CE1CE7E0FE27}.Release|Any CPU.ActiveCfg = Release|Any CPU
		{B2D4894C-47CE-44EE-A800-CE1CE7E0FE27}.Release|Any CPU.Build.0 = Release|Any CPU
		{8AF69A53-E6C5-48AA-B162-2FFFD6DDA5B9}.Debug|Any CPU.ActiveCfg = Debug|Any CPU
		{8AF69A53-E6C5-48AA-B162-2FFFD6DDA5B9}.Debug|Any CPU.Build.0 = Debug|Any CPU
		{8AF69A53-E6C5-48AA-B162-2FFFD6DDA5B9}.Release|Any CPU.ActiveCfg = Release|Any CPU
		{8AF69A53-E6C5-48AA-B162-2FFFD6DDA5B9}.Release|Any CPU.Build.0 = Release|Any CPU
	EndGlobalSection
	GlobalSection(SolutionProperties) = preSolution
		HideSolutionNode = FALSE
	EndGlobalSection
	GlobalSection(ExtensibilityGlobals) = postSolution
		SolutionGuid = {089EFCCF-3A81-4F57-9C71-BB6A3FADAEEA}
	EndGlobalSection
EndGlobal
